
Microsoft Visual Studio Solution File, Format Version 12.00
# Visual Studio Version 17
VisualStudioVersion = 17.7.34031.279
MinimumVisualStudioVersion = 10.0.40219.1
Project("{9A19103F-16F7-4668-BE54-9A1E7A4F7556}") = "00_Repetition", "00_Repetition\00_Repetition.csproj", "{4B1B3D53-DC11-45E4-BE56-D791075C2C6B}"
EndProject
Project("{FAE04EC0-301F-11D3-BF4B-00C04F79EFBC}") = "01_SaveAndReadToFromFile", "01_SaveAndReadToFromFile\01_SaveAndReadToFromFile.csproj", "{225C389D-2274-4278-9613-66FA13563D00}"
EndProject
Project("{FAE04EC0-301F-11D3-BF4B-00C04F79EFBC}") = "02_TodoList.Tests", "02_TodoList.Tests\02_TodoList.Tests.csproj", "{54407045-2A4B-480C-A1C0-966C62D9E52F}"
EndProject
Project("{FAE04EC0-301F-11D3-BF4B-00C04F79EFBC}") = "02_TodoList", "02_TodoList\02_TodoList.csproj", "{E1EC9F2E-EAC3-4C9B-AC80-31B1AF5450E8}"
EndProject
Global
	GlobalSection(SolutionConfigurationPlatforms) = preSolution
		Debug|Any CPU = Debug|Any CPU
		Release|Any CPU = Release|Any CPU
	EndGlobalSection
	GlobalSection(ProjectConfigurationPlatforms) = postSolution
		{4B1B3D53-DC11-45E4-BE56-D791075C2C6B}.Debug|Any CPU.ActiveCfg = Debug|Any CPU
		{4B1B3D53-DC11-45E4-BE56-D791075C2C6B}.Debug|Any CPU.Build.0 = Debug|Any CPU
		{4B1B3D53-DC11-45E4-BE56-D791075C2C6B}.Release|Any CPU.ActiveCfg = Release|Any CPU
		{4B1B3D53-DC11-45E4-BE56-D791075C2C6B}.Release|Any CPU.Build.0 = Release|Any CPU
		{225C389D-2274-4278-9613-66FA13563D00}.Debug|Any CPU.ActiveCfg = Debug|Any CPU
		{225C389D-2274-4278-9613-66FA13563D00}.Debug|Any CPU.Build.0 = Debug|Any CPU
		{225C389D-2274-4278-9613-66FA13563D00}.Release|Any CPU.ActiveCfg = Release|Any CPU
		{225C389D-2274-4278-9613-66FA13563D00}.Release|Any CPU.Build.0 = Release|Any CPU
		{54407045-2A4B-480C-A1C0-966C62D9E52F}.Debug|Any CPU.ActiveCfg = Debug|Any CPU
		{54407045-2A4B-480C-A1C0-966C62D9E52F}.Debug|Any CPU.Build.0 = Debug|Any CPU
		{54407045-2A4B-480C-A1C0-966C62D9E52F}.Release|Any CPU.ActiveCfg = Release|Any CPU
		{54407045-2A4B-480C-A1C0-966C62D9E52F}.Release|Any CPU.Build.0 = Release|Any CPU
		{E1EC9F2E-EAC3-4C9B-AC80-31B1AF5450E8}.Debug|Any CPU.ActiveCfg = Debug|Any CPU
		{E1EC9F2E-EAC3-4C9B-AC80-31B1AF5450E8}.Debug|Any CPU.Build.0 = Debug|Any CPU
		{E1EC9F2E-EAC3-4C9B-AC80-31B1AF5450E8}.Release|Any CPU.ActiveCfg = Release|Any CPU
		{E1EC9F2E-EAC3-4C9B-AC80-31B1AF5450E8}.Release|Any CPU.Build.0 = Release|Any CPU
	EndGlobalSection
	GlobalSection(SolutionProperties) = preSolution
		HideSolutionNode = FALSE
	EndGlobalSection
	GlobalSection(ExtensibilityGlobals) = postSolution
		SolutionGuid = {48913EF6-F25A-41EC-92B9-B71D929E00A8}
	EndGlobalSection
EndGlobal
