
Microsoft Visual Studio Solution File, Format Version 12.00
# Visual Studio Version 17
VisualStudioVersion = 17.7.34031.279
MinimumVisualStudioVersion = 10.0.40219.1
Project("{9A19103F-16F7-4668-BE54-9A1E7A4F7556}") = "01_Adressbok", "01_Adressbok\01_Adressbok.csproj", "{0885025A-8C62-4027-8924-5ABDB01B11C1}"
EndProject
Project("{9A19103F-16F7-4668-BE54-9A1E7A4F7556}") = "01_Adressbok_Test", "01_Adressbok_Test\01_Adressbok_Test.csproj", "{4A75DEA7-9343-47F0-AF9B-BF29A8284485}"
EndProject
Global
	GlobalSection(SolutionConfigurationPlatforms) = preSolution
		Debug|Any CPU = Debug|Any CPU
		Release|Any CPU = Release|Any CPU
	EndGlobalSection
	GlobalSection(ProjectConfigurationPlatforms) = postSolution
		{0885025A-8C62-4027-8924-5ABDB01B11C1}.Debug|Any CPU.ActiveCfg = Debug|Any CPU
		{0885025A-8C62-4027-8924-5ABDB01B11C1}.Debug|Any CPU.Build.0 = Debug|Any CPU
		{0885025A-8C62-4027-8924-5ABDB01B11C1}.Release|Any CPU.ActiveCfg = Release|Any CPU
		{0885025A-8C62-4027-8924-5ABDB01B11C1}.Release|Any CPU.Build.0 = Release|Any CPU
		{4A75DEA7-9343-47F0-AF9B-BF29A8284485}.Debug|Any CPU.ActiveCfg = Debug|Any CPU
		{4A75DEA7-9343-47F0-AF9B-BF29A8284485}.Debug|Any CPU.Build.0 = Debug|Any CPU
		{4A75DEA7-9343-47F0-AF9B-BF29A8284485}.Release|Any CPU.ActiveCfg = Release|Any CPU
		{4A75DEA7-9343-47F0-AF9B-BF29A8284485}.Release|Any CPU.Build.0 = Release|Any CPU
	EndGlobalSection
	GlobalSection(SolutionProperties) = preSolution
		HideSolutionNode = FALSE
	EndGlobalSection
	GlobalSection(ExtensibilityGlobals) = postSolution
		SolutionGuid = {1573F0B9-64EB-42D2-AA01-E64D6A4144B3}
	EndGlobalSection
EndGlobal
